// !$*UTF8*$!
{
	archiveVersion = 1;
	classes = {
	};
	objectVersion = 56;
	objects = {

/* Begin PBXBuildFile section */
		541D5B302A7532E9004C838C /* UIEdgeInsets+Ext.swift in Sources */ = {isa = PBXBuildFile; fileRef = 541D5B2F2A7532E9004C838C /* UIEdgeInsets+Ext.swift */; };
		5451216F2A7C72150023BA6C /* GFItemInfoVC.swift in Sources */ = {isa = PBXBuildFile; fileRef = 5451216E2A7C72150023BA6C /* GFItemInfoVC.swift */; };
		545121712A7C772B0023BA6C /* GFRepoItemVC.swift in Sources */ = {isa = PBXBuildFile; fileRef = 545121702A7C772B0023BA6C /* GFRepoItemVC.swift */; };
		545121732A7C7B8A0023BA6C /* GFFollowerItemVC.swift in Sources */ = {isa = PBXBuildFile; fileRef = 545121722A7C7B8A0023BA6C /* GFFollowerItemVC.swift */; };
		5480411C2A724D780025564D /* AppDelegate.swift in Sources */ = {isa = PBXBuildFile; fileRef = 5480411B2A724D780025564D /* AppDelegate.swift */; };
		5480411E2A724D780025564D /* SceneDelegate.swift in Sources */ = {isa = PBXBuildFile; fileRef = 5480411D2A724D780025564D /* SceneDelegate.swift */; };
		548041252A724D790025564D /* Assets.xcassets in Resources */ = {isa = PBXBuildFile; fileRef = 548041242A724D790025564D /* Assets.xcassets */; };
		548041282A724D790025564D /* LaunchScreen.storyboard in Resources */ = {isa = PBXBuildFile; fileRef = 548041262A724D790025564D /* LaunchScreen.storyboard */; };
		548041302A726EB60025564D /* SearchVC.swift in Sources */ = {isa = PBXBuildFile; fileRef = 5480412F2A726EB60025564D /* SearchVC.swift */; };
		548041322A726EE90025564D /* FavoritesListVC.swift in Sources */ = {isa = PBXBuildFile; fileRef = 548041312A726EE90025564D /* FavoritesListVC.swift */; };
		548041342A72748D0025564D /* GFButton.swift in Sources */ = {isa = PBXBuildFile; fileRef = 548041332A72748D0025564D /* GFButton.swift */; };
		548041362A7279C80025564D /* GFTextField.swift in Sources */ = {isa = PBXBuildFile; fileRef = 548041352A7279C80025564D /* GFTextField.swift */; };
		548041382A728EDC0025564D /* FollowerListVC.swift in Sources */ = {isa = PBXBuildFile; fileRef = 548041372A728EDC0025564D /* FollowerListVC.swift */; };
		5480413E2A7292DC0025564D /* Date+Ext.swift in Sources */ = {isa = PBXBuildFile; fileRef = 548041392A7292DC0025564D /* Date+Ext.swift */; };
		5480413F2A7292DC0025564D /* UITableView+Ext.swift in Sources */ = {isa = PBXBuildFile; fileRef = 5480413A2A7292DC0025564D /* UITableView+Ext.swift */; };
		548041402A7292DC0025564D /* String+Ext.swift in Sources */ = {isa = PBXBuildFile; fileRef = 5480413B2A7292DC0025564D /* String+Ext.swift */; };
		548041412A7292DC0025564D /* UIViewController+Ext.swift in Sources */ = {isa = PBXBuildFile; fileRef = 5480413C2A7292DC0025564D /* UIViewController+Ext.swift */; };
		548041422A7292DC0025564D /* UIView+Ext.swift in Sources */ = {isa = PBXBuildFile; fileRef = 5480413D2A7292DC0025564D /* UIView+Ext.swift */; };
		548041452A7295A40025564D /* GFTitleLabel.swift in Sources */ = {isa = PBXBuildFile; fileRef = 548041442A7295A40025564D /* GFTitleLabel.swift */; };
		548041472A7299310025564D /* GFBodyLabel.swift in Sources */ = {isa = PBXBuildFile; fileRef = 548041462A7299310025564D /* GFBodyLabel.swift */; };
		548041492A729A020025564D /* GFAlertVC.swift in Sources */ = {isa = PBXBuildFile; fileRef = 548041482A729A020025564D /* GFAlertVC.swift */; };
		5480414B2A729C230025564D /* GFAlertContainerView.swift in Sources */ = {isa = PBXBuildFile; fileRef = 5480414A2A729C230025564D /* GFAlertContainerView.swift */; };
		548041512A72AFD80025564D /* Follower.swift in Sources */ = {isa = PBXBuildFile; fileRef = 548041502A72AFD80025564D /* Follower.swift */; };
		548041532A72B2B10025564D /* User.swift in Sources */ = {isa = PBXBuildFile; fileRef = 548041522A72B2B10025564D /* User.swift */; };
		5480415C2A734D3A0025564D /* FollowerCell.swift in Sources */ = {isa = PBXBuildFile; fileRef = 5480415B2A734D3A0025564D /* FollowerCell.swift */; };
		5480415E2A734DCB0025564D /* GFAvatarImageView.swift in Sources */ = {isa = PBXBuildFile; fileRef = 5480415D2A734DCB0025564D /* GFAvatarImageView.swift */; };
		549022222A7627B7000F18D5 /* UIHelper.swift in Sources */ = {isa = PBXBuildFile; fileRef = 549022212A7627B7000F18D5 /* UIHelper.swift */; };
		5490222A2A766D98000F18D5 /* GFEmptyStateView.swift in Sources */ = {isa = PBXBuildFile; fileRef = 549022292A766D98000F18D5 /* GFEmptyStateView.swift */; };
		5490222C2A767E87000F18D5 /* UserInfoVC.swift in Sources */ = {isa = PBXBuildFile; fileRef = 5490222B2A767E87000F18D5 /* UserInfoVC.swift */; };
		5490222E2A768841000F18D5 /* GFError.swift in Sources */ = {isa = PBXBuildFile; fileRef = 5490222D2A768841000F18D5 /* GFError.swift */; };
		54BC32772A78EB940016364A /* GFUserInfoHeaderVC.swift in Sources */ = {isa = PBXBuildFile; fileRef = 54BC32762A78EB940016364A /* GFUserInfoHeaderVC.swift */; };
		54BC32792A78EC2C0016364A /* GFSecondaryTitleLabel.swift in Sources */ = {isa = PBXBuildFile; fileRef = 54BC32782A78EC2C0016364A /* GFSecondaryTitleLabel.swift */; };
		54BC327B2A78F6010016364A /* Constants.swift in Sources */ = {isa = PBXBuildFile; fileRef = 54BC327A2A78F6010016364A /* Constants.swift */; };
		54BC327D2A7930D90016364A /* GFItemInfoView.swift in Sources */ = {isa = PBXBuildFile; fileRef = 54BC327C2A7930D90016364A /* GFItemInfoView.swift */; };
		54BD94B92A73E3C00016A145 /* NetworkManager.swift in Sources */ = {isa = PBXBuildFile; fileRef = 54BD94B82A73E3BF0016A145 /* NetworkManager.swift */; };
/* End PBXBuildFile section */

/* Begin PBXFileReference section */
		541D5B2F2A7532E9004C838C /* UIEdgeInsets+Ext.swift */ = {isa = PBXFileReference; lastKnownFileType = sourcecode.swift; path = "UIEdgeInsets+Ext.swift"; sourceTree = "<group>"; };
		5451216E2A7C72150023BA6C /* GFItemInfoVC.swift */ = {isa = PBXFileReference; lastKnownFileType = sourcecode.swift; path = GFItemInfoVC.swift; sourceTree = "<group>"; };
		545121702A7C772B0023BA6C /* GFRepoItemVC.swift */ = {isa = PBXFileReference; lastKnownFileType = sourcecode.swift; path = GFRepoItemVC.swift; sourceTree = "<group>"; };
		545121722A7C7B8A0023BA6C /* GFFollowerItemVC.swift */ = {isa = PBXFileReference; lastKnownFileType = sourcecode.swift; path = GFFollowerItemVC.swift; sourceTree = "<group>"; };
		548041182A724D780025564D /* GHFollowers.app */ = {isa = PBXFileReference; explicitFileType = wrapper.application; includeInIndex = 0; path = GHFollowers.app; sourceTree = BUILT_PRODUCTS_DIR; };
		5480411B2A724D780025564D /* AppDelegate.swift */ = {isa = PBXFileReference; lastKnownFileType = sourcecode.swift; path = AppDelegate.swift; sourceTree = "<group>"; };
		5480411D2A724D780025564D /* SceneDelegate.swift */ = {isa = PBXFileReference; lastKnownFileType = sourcecode.swift; path = SceneDelegate.swift; sourceTree = "<group>"; };
		548041242A724D790025564D /* Assets.xcassets */ = {isa = PBXFileReference; lastKnownFileType = folder.assetcatalog; path = Assets.xcassets; sourceTree = "<group>"; };
		548041272A724D790025564D /* Base */ = {isa = PBXFileReference; lastKnownFileType = file.storyboard; name = Base; path = Base.lproj/LaunchScreen.storyboard; sourceTree = "<group>"; };
		548041292A724D790025564D /* Info.plist */ = {isa = PBXFileReference; lastKnownFileType = text.plist.xml; path = Info.plist; sourceTree = "<group>"; };
		5480412F2A726EB60025564D /* SearchVC.swift */ = {isa = PBXFileReference; lastKnownFileType = sourcecode.swift; path = SearchVC.swift; sourceTree = "<group>"; };
		548041312A726EE90025564D /* FavoritesListVC.swift */ = {isa = PBXFileReference; lastKnownFileType = sourcecode.swift; path = FavoritesListVC.swift; sourceTree = "<group>"; };
		548041332A72748D0025564D /* GFButton.swift */ = {isa = PBXFileReference; lastKnownFileType = sourcecode.swift; path = GFButton.swift; sourceTree = "<group>"; };
		548041352A7279C80025564D /* GFTextField.swift */ = {isa = PBXFileReference; lastKnownFileType = sourcecode.swift; path = GFTextField.swift; sourceTree = "<group>"; };
		548041372A728EDC0025564D /* FollowerListVC.swift */ = {isa = PBXFileReference; lastKnownFileType = sourcecode.swift; path = FollowerListVC.swift; sourceTree = "<group>"; };
		548041392A7292DC0025564D /* Date+Ext.swift */ = {isa = PBXFileReference; fileEncoding = 4; lastKnownFileType = sourcecode.swift; path = "Date+Ext.swift"; sourceTree = "<group>"; };
		5480413A2A7292DC0025564D /* UITableView+Ext.swift */ = {isa = PBXFileReference; fileEncoding = 4; lastKnownFileType = sourcecode.swift; path = "UITableView+Ext.swift"; sourceTree = "<group>"; };
		5480413B2A7292DC0025564D /* String+Ext.swift */ = {isa = PBXFileReference; fileEncoding = 4; lastKnownFileType = sourcecode.swift; path = "String+Ext.swift"; sourceTree = "<group>"; };
		5480413C2A7292DC0025564D /* UIViewController+Ext.swift */ = {isa = PBXFileReference; fileEncoding = 4; lastKnownFileType = sourcecode.swift; path = "UIViewController+Ext.swift"; sourceTree = "<group>"; };
		5480413D2A7292DC0025564D /* UIView+Ext.swift */ = {isa = PBXFileReference; fileEncoding = 4; lastKnownFileType = sourcecode.swift; path = "UIView+Ext.swift"; sourceTree = "<group>"; };
		548041442A7295A40025564D /* GFTitleLabel.swift */ = {isa = PBXFileReference; lastKnownFileType = sourcecode.swift; path = GFTitleLabel.swift; sourceTree = "<group>"; };
		548041462A7299310025564D /* GFBodyLabel.swift */ = {isa = PBXFileReference; lastKnownFileType = sourcecode.swift; path = GFBodyLabel.swift; sourceTree = "<group>"; };
		548041482A729A020025564D /* GFAlertVC.swift */ = {isa = PBXFileReference; lastKnownFileType = sourcecode.swift; path = GFAlertVC.swift; sourceTree = "<group>"; };
		5480414A2A729C230025564D /* GFAlertContainerView.swift */ = {isa = PBXFileReference; lastKnownFileType = sourcecode.swift; path = GFAlertContainerView.swift; sourceTree = "<group>"; };
		548041502A72AFD80025564D /* Follower.swift */ = {isa = PBXFileReference; lastKnownFileType = sourcecode.swift; path = Follower.swift; sourceTree = "<group>"; };
		548041522A72B2B10025564D /* User.swift */ = {isa = PBXFileReference; lastKnownFileType = sourcecode.swift; path = User.swift; sourceTree = "<group>"; };
		5480415B2A734D3A0025564D /* FollowerCell.swift */ = {isa = PBXFileReference; lastKnownFileType = sourcecode.swift; path = FollowerCell.swift; sourceTree = "<group>"; };
		5480415D2A734DCB0025564D /* GFAvatarImageView.swift */ = {isa = PBXFileReference; lastKnownFileType = sourcecode.swift; path = GFAvatarImageView.swift; sourceTree = "<group>"; };
		549022212A7627B7000F18D5 /* UIHelper.swift */ = {isa = PBXFileReference; lastKnownFileType = sourcecode.swift; path = UIHelper.swift; sourceTree = "<group>"; };
		549022292A766D98000F18D5 /* GFEmptyStateView.swift */ = {isa = PBXFileReference; lastKnownFileType = sourcecode.swift; path = GFEmptyStateView.swift; sourceTree = "<group>"; };
		5490222B2A767E87000F18D5 /* UserInfoVC.swift */ = {isa = PBXFileReference; lastKnownFileType = sourcecode.swift; path = UserInfoVC.swift; sourceTree = "<group>"; };
		5490222D2A768841000F18D5 /* GFError.swift */ = {isa = PBXFileReference; lastKnownFileType = sourcecode.swift; path = GFError.swift; sourceTree = "<group>"; };
		54BC32762A78EB940016364A /* GFUserInfoHeaderVC.swift */ = {isa = PBXFileReference; lastKnownFileType = sourcecode.swift; path = GFUserInfoHeaderVC.swift; sourceTree = "<group>"; };
		54BC32782A78EC2C0016364A /* GFSecondaryTitleLabel.swift */ = {isa = PBXFileReference; lastKnownFileType = sourcecode.swift; path = GFSecondaryTitleLabel.swift; sourceTree = "<group>"; };
		54BC327A2A78F6010016364A /* Constants.swift */ = {isa = PBXFileReference; lastKnownFileType = sourcecode.swift; path = Constants.swift; sourceTree = "<group>"; };
		54BC327C2A7930D90016364A /* GFItemInfoView.swift */ = {isa = PBXFileReference; lastKnownFileType = sourcecode.swift; path = GFItemInfoView.swift; sourceTree = "<group>"; };
		54BD94B82A73E3BF0016A145 /* NetworkManager.swift */ = {isa = PBXFileReference; fileEncoding = 4; lastKnownFileType = sourcecode.swift; path = NetworkManager.swift; sourceTree = "<group>"; };
/* End PBXFileReference section */

/* Begin PBXFrameworksBuildPhase section */
		548041152A724D780025564D /* Frameworks */ = {
			isa = PBXFrameworksBuildPhase;
			buildActionMask = 2147483647;
			files = (
			);
			runOnlyForDeploymentPostprocessing = 0;
		};
/* End PBXFrameworksBuildPhase section */

/* Begin PBXGroup section */
		545121742A7C7BE70023BA6C /* ItemInfoVCs */ = {
			isa = PBXGroup;
			children = (
				5451216E2A7C72150023BA6C /* GFItemInfoVC.swift */,
				545121702A7C772B0023BA6C /* GFRepoItemVC.swift */,
				545121722A7C7B8A0023BA6C /* GFFollowerItemVC.swift */,
			);
			path = ItemInfoVCs;
			sourceTree = "<group>";
		};
		5480410F2A724D780025564D = {
			isa = PBXGroup;
			children = (
				5480411A2A724D780025564D /* GHFollowers */,
				548041292A724D790025564D /* Info.plist */,
				548041192A724D780025564D /* Products */,
			);
			sourceTree = "<group>";
		};
		548041192A724D780025564D /* Products */ = {
			isa = PBXGroup;
			children = (
				548041182A724D780025564D /* GHFollowers.app */,
			);
			name = Products;
			sourceTree = "<group>";
		};
		5480411A2A724D780025564D /* GHFollowers */ = {
			isa = PBXGroup;
			children = (
				548041572A7343BA0025564D /* Utilities */,
				548041562A733FF80025564D /* Managers */,
				5480414F2A72AFC20025564D /* Models */,
				5480414E2A72A8D80025564D /* Support */,
				548041432A7292F80025564D /* Extensions */,
				5480414D2A72A8440025564D /* Custom Views */,
				5480414C2A72A7FD0025564D /* Screens */,
			);
			path = GHFollowers;
			sourceTree = "<group>";
		};
		548041432A7292F80025564D /* Extensions */ = {
			isa = PBXGroup;
			children = (
				548041392A7292DC0025564D /* Date+Ext.swift */,
				5480413B2A7292DC0025564D /* String+Ext.swift */,
				5480413A2A7292DC0025564D /* UITableView+Ext.swift */,
				5480413D2A7292DC0025564D /* UIView+Ext.swift */,
				5480413C2A7292DC0025564D /* UIViewController+Ext.swift */,
				541D5B2F2A7532E9004C838C /* UIEdgeInsets+Ext.swift */,
			);
			path = Extensions;
			sourceTree = "<group>";
		};
		5480414C2A72A7FD0025564D /* Screens */ = {
			isa = PBXGroup;
			children = (
				5480412F2A726EB60025564D /* SearchVC.swift */,
				548041372A728EDC0025564D /* FollowerListVC.swift */,
				548041312A726EE90025564D /* FavoritesListVC.swift */,
				5490222B2A767E87000F18D5 /* UserInfoVC.swift */,
			);
			path = Screens;
			sourceTree = "<group>";
		};
		5480414D2A72A8440025564D /* Custom Views */ = {
			isa = PBXGroup;
			children = (
				549022282A766D17000F18D5 /* Labels */,
				549022272A766CF4000F18D5 /* ViewControllers */,
				549022262A766CEA000F18D5 /* ImageViews */,
				549022252A766CDC000F18D5 /* TextFields */,
				549022242A766C43000F18D5 /* Buttons */,
				549022232A766C37000F18D5 /* Views */,
				5480415A2A734D1D0025564D /* Cells */,
			);
			path = "Custom Views";
			sourceTree = "<group>";
		};
		5480414E2A72A8D80025564D /* Support */ = {
			isa = PBXGroup;
			children = (
				5480411B2A724D780025564D /* AppDelegate.swift */,
				5480411D2A724D780025564D /* SceneDelegate.swift */,
				548041242A724D790025564D /* Assets.xcassets */,
				548041262A724D790025564D /* LaunchScreen.storyboard */,
			);
			path = Support;
			sourceTree = "<group>";
		};
		5480414F2A72AFC20025564D /* Models */ = {
			isa = PBXGroup;
			children = (
				548041502A72AFD80025564D /* Follower.swift */,
				548041522A72B2B10025564D /* User.swift */,
			);
			path = Models;
			sourceTree = "<group>";
		};
		548041562A733FF80025564D /* Managers */ = {
			isa = PBXGroup;
			children = (
				54BD94B82A73E3BF0016A145 /* NetworkManager.swift */,
			);
			path = Managers;
			sourceTree = "<group>";
		};
		548041572A7343BA0025564D /* Utilities */ = {
			isa = PBXGroup;
			children = (
				5490222D2A768841000F18D5 /* GFError.swift */,
				549022212A7627B7000F18D5 /* UIHelper.swift */,
				54BC327A2A78F6010016364A /* Constants.swift */,
			);
			path = Utilities;
			sourceTree = "<group>";
		};
		5480415A2A734D1D0025564D /* Cells */ = {
			isa = PBXGroup;
			children = (
				5480415B2A734D3A0025564D /* FollowerCell.swift */,
			);
			path = Cells;
			sourceTree = "<group>";
		};
		549022232A766C37000F18D5 /* Views */ = {
			isa = PBXGroup;
			children = (
				5480414A2A729C230025564D /* GFAlertContainerView.swift */,
				549022292A766D98000F18D5 /* GFEmptyStateView.swift */,
				54BC327C2A7930D90016364A /* GFItemInfoView.swift */,
			);
			path = Views;
			sourceTree = "<group>";
		};
		549022242A766C43000F18D5 /* Buttons */ = {
			isa = PBXGroup;
			children = (
				548041332A72748D0025564D /* GFButton.swift */,
			);
			path = Buttons;
			sourceTree = "<group>";
		};
		549022252A766CDC000F18D5 /* TextFields */ = {
			isa = PBXGroup;
			children = (
				548041352A7279C80025564D /* GFTextField.swift */,
			);
			path = TextFields;
			sourceTree = "<group>";
		};
		549022262A766CEA000F18D5 /* ImageViews */ = {
			isa = PBXGroup;
			children = (
				5480415D2A734DCB0025564D /* GFAvatarImageView.swift */,
			);
			path = ImageViews;
			sourceTree = "<group>";
		};
		549022272A766CF4000F18D5 /* ViewControllers */ = {
			isa = PBXGroup;
			children = (
				545121742A7C7BE70023BA6C /* ItemInfoVCs */,
				548041482A729A020025564D /* GFAlertVC.swift */,
				54BC32762A78EB940016364A /* GFUserInfoHeaderVC.swift */,
			);
			path = ViewControllers;
			sourceTree = "<group>";
		};
		549022282A766D17000F18D5 /* Labels */ = {
			isa = PBXGroup;
			children = (
				548041442A7295A40025564D /* GFTitleLabel.swift */,
				54BC32782A78EC2C0016364A /* GFSecondaryTitleLabel.swift */,
				548041462A7299310025564D /* GFBodyLabel.swift */,
			);
			path = Labels;
			sourceTree = "<group>";
		};
/* End PBXGroup section */

/* Begin PBXNativeTarget section */
		548041172A724D780025564D /* GHFollowers */ = {
			isa = PBXNativeTarget;
			buildConfigurationList = 5480412C2A724D790025564D /* Build configuration list for PBXNativeTarget "GHFollowers" */;
			buildPhases = (
				548041142A724D780025564D /* Sources */,
				548041152A724D780025564D /* Frameworks */,
				548041162A724D780025564D /* Resources */,
			);
			buildRules = (
			);
			dependencies = (
			);
			name = GHFollowers;
			productName = "GHFollowers-Refresh";
			productReference = 548041182A724D780025564D /* GHFollowers.app */;
			productType = "com.apple.product-type.application";
		};
/* End PBXNativeTarget section */

/* Begin PBXProject section */
		548041102A724D780025564D /* Project object */ = {
			isa = PBXProject;
			attributes = {
				BuildIndependentTargetsInParallel = 1;
				LastSwiftUpdateCheck = 1430;
				LastUpgradeCheck = 1430;
				TargetAttributes = {
					548041172A724D780025564D = {
						CreatedOnToolsVersion = 14.3.1;
					};
				};
			};
			buildConfigurationList = 548041132A724D780025564D /* Build configuration list for PBXProject "GHFollowers" */;
			compatibilityVersion = "Xcode 14.0";
			developmentRegion = en;
			hasScannedForEncodings = 0;
			knownRegions = (
				en,
				Base,
			);
			mainGroup = 5480410F2A724D780025564D;
			productRefGroup = 548041192A724D780025564D /* Products */;
			projectDirPath = "";
			projectRoot = "";
			targets = (
				548041172A724D780025564D /* GHFollowers */,
			);
		};
/* End PBXProject section */

/* Begin PBXResourcesBuildPhase section */
		548041162A724D780025564D /* Resources */ = {
			isa = PBXResourcesBuildPhase;
			buildActionMask = 2147483647;
			files = (
				548041282A724D790025564D /* LaunchScreen.storyboard in Resources */,
				548041252A724D790025564D /* Assets.xcassets in Resources */,
			);
			runOnlyForDeploymentPostprocessing = 0;
		};
/* End PBXResourcesBuildPhase section */

/* Begin PBXSourcesBuildPhase section */
		548041142A724D780025564D /* Sources */ = {
			isa = PBXSourcesBuildPhase;
			buildActionMask = 2147483647;
			files = (
				5490222A2A766D98000F18D5 /* GFEmptyStateView.swift in Sources */,
				5490222C2A767E87000F18D5 /* UserInfoVC.swift in Sources */,
				54BD94B92A73E3C00016A145 /* NetworkManager.swift in Sources */,
				5490222E2A768841000F18D5 /* GFError.swift in Sources */,
				548041362A7279C80025564D /* GFTextField.swift in Sources */,
				5451216F2A7C72150023BA6C /* GFItemInfoVC.swift in Sources */,
				54BC327B2A78F6010016364A /* Constants.swift in Sources */,
				5480415E2A734DCB0025564D /* GFAvatarImageView.swift in Sources */,
				548041322A726EE90025564D /* FavoritesListVC.swift in Sources */,
				548041342A72748D0025564D /* GFButton.swift in Sources */,
				548041412A7292DC0025564D /* UIViewController+Ext.swift in Sources */,
				548041492A729A020025564D /* GFAlertVC.swift in Sources */,
				5480413F2A7292DC0025564D /* UITableView+Ext.swift in Sources */,
				548041452A7295A40025564D /* GFTitleLabel.swift in Sources */,
				5480413E2A7292DC0025564D /* Date+Ext.swift in Sources */,
				5480414B2A729C230025564D /* GFAlertContainerView.swift in Sources */,
				541D5B302A7532E9004C838C /* UIEdgeInsets+Ext.swift in Sources */,
				54BC32772A78EB940016364A /* GFUserInfoHeaderVC.swift in Sources */,
				548041512A72AFD80025564D /* Follower.swift in Sources */,
				548041302A726EB60025564D /* SearchVC.swift in Sources */,
				548041382A728EDC0025564D /* FollowerListVC.swift in Sources */,
				5480415C2A734D3A0025564D /* FollowerCell.swift in Sources */,
				548041422A7292DC0025564D /* UIView+Ext.swift in Sources */,
				54BC327D2A7930D90016364A /* GFItemInfoView.swift in Sources */,
				54BC32792A78EC2C0016364A /* GFSecondaryTitleLabel.swift in Sources */,
				5480411C2A724D780025564D /* AppDelegate.swift in Sources */,
				548041532A72B2B10025564D /* User.swift in Sources */,
				548041472A7299310025564D /* GFBodyLabel.swift in Sources */,
				548041402A7292DC0025564D /* String+Ext.swift in Sources */,
				545121732A7C7B8A0023BA6C /* GFFollowerItemVC.swift in Sources */,
				545121712A7C772B0023BA6C /* GFRepoItemVC.swift in Sources */,
				5480411E2A724D780025564D /* SceneDelegate.swift in Sources */,
				549022222A7627B7000F18D5 /* UIHelper.swift in Sources */,
			);
			runOnlyForDeploymentPostprocessing = 0;
		};
/* End PBXSourcesBuildPhase section */

/* Begin PBXVariantGroup section */
		548041262A724D790025564D /* LaunchScreen.storyboard */ = {
			isa = PBXVariantGroup;
			children = (
				548041272A724D790025564D /* Base */,
			);
			name = LaunchScreen.storyboard;
			sourceTree = "<group>";
		};
/* End PBXVariantGroup section */

/* Begin XCBuildConfiguration section */
		5480412A2A724D790025564D /* Debug */ = {
			isa = XCBuildConfiguration;
			buildSettings = {
				ALWAYS_SEARCH_USER_PATHS = NO;
				CLANG_ANALYZER_NONNULL = YES;
				CLANG_ANALYZER_NUMBER_OBJECT_CONVERSION = YES_AGGRESSIVE;
				CLANG_CXX_LANGUAGE_STANDARD = "gnu++20";
				CLANG_ENABLE_MODULES = YES;
				CLANG_ENABLE_OBJC_ARC = YES;
				CLANG_ENABLE_OBJC_WEAK = YES;
				CLANG_WARN_BLOCK_CAPTURE_AUTORELEASING = YES;
				CLANG_WARN_BOOL_CONVERSION = YES;
				CLANG_WARN_COMMA = YES;
				CLANG_WARN_CONSTANT_CONVERSION = YES;
				CLANG_WARN_DEPRECATED_OBJC_IMPLEMENTATIONS = YES;
				CLANG_WARN_DIRECT_OBJC_ISA_USAGE = YES_ERROR;
				CLANG_WARN_DOCUMENTATION_COMMENTS = YES;
				CLANG_WARN_EMPTY_BODY = YES;
				CLANG_WARN_ENUM_CONVERSION = YES;
				CLANG_WARN_INFINITE_RECURSION = YES;
				CLANG_WARN_INT_CONVERSION = YES;
				CLANG_WARN_NON_LITERAL_NULL_CONVERSION = YES;
				CLANG_WARN_OBJC_IMPLICIT_RETAIN_SELF = YES;
				CLANG_WARN_OBJC_LITERAL_CONVERSION = YES;
				CLANG_WARN_OBJC_ROOT_CLASS = YES_ERROR;
				CLANG_WARN_QUOTED_INCLUDE_IN_FRAMEWORK_HEADER = YES;
				CLANG_WARN_RANGE_LOOP_ANALYSIS = YES;
				CLANG_WARN_STRICT_PROTOTYPES = YES;
				CLANG_WARN_SUSPICIOUS_MOVE = YES;
				CLANG_WARN_UNGUARDED_AVAILABILITY = YES_AGGRESSIVE;
				CLANG_WARN_UNREACHABLE_CODE = YES;
				CLANG_WARN__DUPLICATE_METHOD_MATCH = YES;
				COPY_PHASE_STRIP = NO;
				DEBUG_INFORMATION_FORMAT = dwarf;
				ENABLE_STRICT_OBJC_MSGSEND = YES;
				ENABLE_TESTABILITY = YES;
				GCC_C_LANGUAGE_STANDARD = gnu11;
				GCC_DYNAMIC_NO_PIC = NO;
				GCC_NO_COMMON_BLOCKS = YES;
				GCC_OPTIMIZATION_LEVEL = 0;
				GCC_PREPROCESSOR_DEFINITIONS = (
					"DEBUG=1",
					"$(inherited)",
				);
				GCC_WARN_64_TO_32_BIT_CONVERSION = YES;
				GCC_WARN_ABOUT_RETURN_TYPE = YES_ERROR;
				GCC_WARN_UNDECLARED_SELECTOR = YES;
				GCC_WARN_UNINITIALIZED_AUTOS = YES_AGGRESSIVE;
				GCC_WARN_UNUSED_FUNCTION = YES;
				GCC_WARN_UNUSED_VARIABLE = YES;
				IPHONEOS_DEPLOYMENT_TARGET = 16.4;
				MTL_ENABLE_DEBUG_INFO = INCLUDE_SOURCE;
				MTL_FAST_MATH = YES;
				ONLY_ACTIVE_ARCH = YES;
				SDKROOT = iphoneos;
				SWIFT_ACTIVE_COMPILATION_CONDITIONS = DEBUG;
				SWIFT_OPTIMIZATION_LEVEL = "-Onone";
			};
			name = Debug;
		};
		5480412B2A724D790025564D /* Release */ = {
			isa = XCBuildConfiguration;
			buildSettings = {
				ALWAYS_SEARCH_USER_PATHS = NO;
				CLANG_ANALYZER_NONNULL = YES;
				CLANG_ANALYZER_NUMBER_OBJECT_CONVERSION = YES_AGGRESSIVE;
				CLANG_CXX_LANGUAGE_STANDARD = "gnu++20";
				CLANG_ENABLE_MODULES = YES;
				CLANG_ENABLE_OBJC_ARC = YES;
				CLANG_ENABLE_OBJC_WEAK = YES;
				CLANG_WARN_BLOCK_CAPTURE_AUTORELEASING = YES;
				CLANG_WARN_BOOL_CONVERSION = YES;
				CLANG_WARN_COMMA = YES;
				CLANG_WARN_CONSTANT_CONVERSION = YES;
				CLANG_WARN_DEPRECATED_OBJC_IMPLEMENTATIONS = YES;
				CLANG_WARN_DIRECT_OBJC_ISA_USAGE = YES_ERROR;
				CLANG_WARN_DOCUMENTATION_COMMENTS = YES;
				CLANG_WARN_EMPTY_BODY = YES;
				CLANG_WARN_ENUM_CONVERSION = YES;
				CLANG_WARN_INFINITE_RECURSION = YES;
				CLANG_WARN_INT_CONVERSION = YES;
				CLANG_WARN_NON_LITERAL_NULL_CONVERSION = YES;
				CLANG_WARN_OBJC_IMPLICIT_RETAIN_SELF = YES;
				CLANG_WARN_OBJC_LITERAL_CONVERSION = YES;
				CLANG_WARN_OBJC_ROOT_CLASS = YES_ERROR;
				CLANG_WARN_QUOTED_INCLUDE_IN_FRAMEWORK_HEADER = YES;
				CLANG_WARN_RANGE_LOOP_ANALYSIS = YES;
				CLANG_WARN_STRICT_PROTOTYPES = YES;
				CLANG_WARN_SUSPICIOUS_MOVE = YES;
				CLANG_WARN_UNGUARDED_AVAILABILITY = YES_AGGRESSIVE;
				CLANG_WARN_UNREACHABLE_CODE = YES;
				CLANG_WARN__DUPLICATE_METHOD_MATCH = YES;
				COPY_PHASE_STRIP = NO;
				DEBUG_INFORMATION_FORMAT = "dwarf-with-dsym";
				ENABLE_NS_ASSERTIONS = NO;
				ENABLE_STRICT_OBJC_MSGSEND = YES;
				GCC_C_LANGUAGE_STANDARD = gnu11;
				GCC_NO_COMMON_BLOCKS = YES;
				GCC_WARN_64_TO_32_BIT_CONVERSION = YES;
				GCC_WARN_ABOUT_RETURN_TYPE = YES_ERROR;
				GCC_WARN_UNDECLARED_SELECTOR = YES;
				GCC_WARN_UNINITIALIZED_AUTOS = YES_AGGRESSIVE;
				GCC_WARN_UNUSED_FUNCTION = YES;
				GCC_WARN_UNUSED_VARIABLE = YES;
				IPHONEOS_DEPLOYMENT_TARGET = 16.4;
				MTL_ENABLE_DEBUG_INFO = NO;
				MTL_FAST_MATH = YES;
				SDKROOT = iphoneos;
				SWIFT_COMPILATION_MODE = wholemodule;
				SWIFT_OPTIMIZATION_LEVEL = "-O";
				VALIDATE_PRODUCT = YES;
			};
			name = Release;
		};
		5480412D2A724D790025564D /* Debug */ = {
			isa = XCBuildConfiguration;
			buildSettings = {
				ASSETCATALOG_COMPILER_APPICON_NAME = AppIcon;
				ASSETCATALOG_COMPILER_GLOBAL_ACCENT_COLOR_NAME = AccentColor;
				CODE_SIGN_STYLE = Automatic;
				CURRENT_PROJECT_VERSION = 1;
				DEVELOPMENT_TEAM = 4TZN8YVHRL;
				GENERATE_INFOPLIST_FILE = YES;
				INFOPLIST_FILE = Info.plist;
				INFOPLIST_KEY_UIApplicationSupportsIndirectInputEvents = YES;
				INFOPLIST_KEY_UILaunchStoryboardName = LaunchScreen;
				INFOPLIST_KEY_UIMainStoryboardFile = "";
				INFOPLIST_KEY_UISupportedInterfaceOrientations = UIInterfaceOrientationPortrait;
				LD_RUNPATH_SEARCH_PATHS = (
					"$(inherited)",
					"@executable_path/Frameworks",
				);
				MARKETING_VERSION = 1.0;
				PRODUCT_BUNDLE_IDENTIFIER = com.jaredjuangco.GHFollowers;
				PRODUCT_NAME = "$(TARGET_NAME)";
				SWIFT_EMIT_LOC_STRINGS = YES;
				SWIFT_VERSION = 5.0;
				TARGETED_DEVICE_FAMILY = "1,2";
			};
			name = Debug;
		};
		5480412E2A724D790025564D /* Release */ = {
			isa = XCBuildConfiguration;
			buildSettings = {
				ASSETCATALOG_COMPILER_APPICON_NAME = AppIcon;
				ASSETCATALOG_COMPILER_GLOBAL_ACCENT_COLOR_NAME = AccentColor;
				CODE_SIGN_STYLE = Automatic;
				CURRENT_PROJECT_VERSION = 1;
				DEVELOPMENT_TEAM = 4TZN8YVHRL;
				GENERATE_INFOPLIST_FILE = YES;
				INFOPLIST_FILE = Info.plist;
				INFOPLIST_KEY_UIApplicationSupportsIndirectInputEvents = YES;
				INFOPLIST_KEY_UILaunchStoryboardName = LaunchScreen;
				INFOPLIST_KEY_UIMainStoryboardFile = "";
				INFOPLIST_KEY_UISupportedInterfaceOrientations = UIInterfaceOrientationPortrait;
				LD_RUNPATH_SEARCH_PATHS = (
					"$(inherited)",
					"@executable_path/Frameworks",
				);
				MARKETING_VERSION = 1.0;
				PRODUCT_BUNDLE_IDENTIFIER = com.jaredjuangco.GHFollowers;
				PRODUCT_NAME = "$(TARGET_NAME)";
				SWIFT_EMIT_LOC_STRINGS = YES;
				SWIFT_VERSION = 5.0;
				TARGETED_DEVICE_FAMILY = "1,2";
			};
			name = Release;
		};
/* End XCBuildConfiguration section */

/* Begin XCConfigurationList section */
		548041132A724D780025564D /* Build configuration list for PBXProject "GHFollowers" */ = {
			isa = XCConfigurationList;
			buildConfigurations = (
				5480412A2A724D790025564D /* Debug */,
				5480412B2A724D790025564D /* Release */,
			);
			defaultConfigurationIsVisible = 0;
			defaultConfigurationName = Release;
		};
		5480412C2A724D790025564D /* Build configuration list for PBXNativeTarget "GHFollowers" */ = {
			isa = XCConfigurationList;
			buildConfigurations = (
				5480412D2A724D790025564D /* Debug */,
				5480412E2A724D790025564D /* Release */,
			);
			defaultConfigurationIsVisible = 0;
			defaultConfigurationName = Release;
		};
/* End XCConfigurationList section */
	};
	rootObject = 548041102A724D780025564D /* Project object */;
}
