// !$*UTF8*$!
{
	archiveVersion = 1;
	classes = {
	};
	objectVersion = 55;
	objects = {

/* Begin PBXBuildFile section */
		54352872286ABE380033D7D2 /* String+Ext.swift in Sources */ = {isa = PBXBuildFile; fileRef = 54352871286ABE380033D7D2 /* String+Ext.swift */; };
		54352874286ABF3B0033D7D2 /* GFTitleLabel.swift in Sources */ = {isa = PBXBuildFile; fileRef = 54352873286ABF3B0033D7D2 /* GFTitleLabel.swift */; };
		54352876286AC08B0033D7D2 /* GFBodyLabel.swift in Sources */ = {isa = PBXBuildFile; fileRef = 54352875286AC08B0033D7D2 /* GFBodyLabel.swift */; };
		54352878286AC1490033D7D2 /* GFAlertVC.swift in Sources */ = {isa = PBXBuildFile; fileRef = 54352877286AC1490033D7D2 /* GFAlertVC.swift */; };
		5435287A286AC88A0033D7D2 /* UIViewController+Ext.swift in Sources */ = {isa = PBXBuildFile; fileRef = 54352879286AC88A0033D7D2 /* UIViewController+Ext.swift */; };
		5435287D286ACB320033D7D2 /* GFAlertContainerView.swift in Sources */ = {isa = PBXBuildFile; fileRef = 5435287C286ACB320033D7D2 /* GFAlertContainerView.swift */; };
		54352881286AE0F50033D7D2 /* Follower.swift in Sources */ = {isa = PBXBuildFile; fileRef = 54352880286AE0F50033D7D2 /* Follower.swift */; };
		54352883286AE1C50033D7D2 /* User.swift in Sources */ = {isa = PBXBuildFile; fileRef = 54352882286AE1C50033D7D2 /* User.swift */; };
		544AD10F286AB75300FC9324 /* FollowerListVC.swift in Sources */ = {isa = PBXBuildFile; fileRef = 544AD10E286AB75300FC9324 /* FollowerListVC.swift */; };
		54A5ADE7286A910700BDFEF0 /* AppDelegate.swift in Sources */ = {isa = PBXBuildFile; fileRef = 54A5ADE6286A910700BDFEF0 /* AppDelegate.swift */; };
		54A5ADE9286A910700BDFEF0 /* SceneDelegate.swift in Sources */ = {isa = PBXBuildFile; fileRef = 54A5ADE8286A910700BDFEF0 /* SceneDelegate.swift */; };
		54A5ADF0286A910900BDFEF0 /* Assets.xcassets in Resources */ = {isa = PBXBuildFile; fileRef = 54A5ADEF286A910900BDFEF0 /* Assets.xcassets */; };
		54A5ADF3286A910900BDFEF0 /* LaunchScreen.storyboard in Resources */ = {isa = PBXBuildFile; fileRef = 54A5ADF1286A910900BDFEF0 /* LaunchScreen.storyboard */; };
		54B0F273286D76220043A989 /* FollowerCell.swift in Sources */ = {isa = PBXBuildFile; fileRef = 54B0F272286D76220043A989 /* FollowerCell.swift */; };
		54B0F275286D76900043A989 /* GFAvatarImageView.swift in Sources */ = {isa = PBXBuildFile; fileRef = 54B0F274286D76900043A989 /* GFAvatarImageView.swift */; };
		54B65DC0286C6F1D004A110A /* NetworkManager.swift in Sources */ = {isa = PBXBuildFile; fileRef = 54B65DBF286C6F1D004A110A /* NetworkManager.swift */; };
		54B65DC3286C8F50004A110A /* GFError.swift in Sources */ = {isa = PBXBuildFile; fileRef = 54B65DC2286C8F50004A110A /* GFError.swift */; };
		54FB67A4286A9BA600BE712E /* SearchVC.swift in Sources */ = {isa = PBXBuildFile; fileRef = 54FB67A3286A9BA600BE712E /* SearchVC.swift */; };
		54FB67A7286A9BF000BE712E /* FavoritesListVC.swift in Sources */ = {isa = PBXBuildFile; fileRef = 54FB67A6286A9BF000BE712E /* FavoritesListVC.swift */; };
		54FB67A9286AA28F00BE712E /* GFButton.swift in Sources */ = {isa = PBXBuildFile; fileRef = 54FB67A8286AA28F00BE712E /* GFButton.swift */; };
		54FB67AB286AA86F00BE712E /* GFTextField.swift in Sources */ = {isa = PBXBuildFile; fileRef = 54FB67AA286AA86F00BE712E /* GFTextField.swift */; };
/* End PBXBuildFile section */

/* Begin PBXFileReference section */
		54352871286ABE380033D7D2 /* String+Ext.swift */ = {isa = PBXFileReference; fileEncoding = 4; lastKnownFileType = sourcecode.swift; path = "String+Ext.swift"; sourceTree = "<group>"; };
		54352873286ABF3B0033D7D2 /* GFTitleLabel.swift */ = {isa = PBXFileReference; lastKnownFileType = sourcecode.swift; path = GFTitleLabel.swift; sourceTree = "<group>"; };
		54352875286AC08B0033D7D2 /* GFBodyLabel.swift */ = {isa = PBXFileReference; lastKnownFileType = sourcecode.swift; path = GFBodyLabel.swift; sourceTree = "<group>"; };
		54352877286AC1490033D7D2 /* GFAlertVC.swift */ = {isa = PBXFileReference; lastKnownFileType = sourcecode.swift; path = GFAlertVC.swift; sourceTree = "<group>"; };
		54352879286AC88A0033D7D2 /* UIViewController+Ext.swift */ = {isa = PBXFileReference; lastKnownFileType = sourcecode.swift; path = "UIViewController+Ext.swift"; sourceTree = "<group>"; };
		5435287C286ACB320033D7D2 /* GFAlertContainerView.swift */ = {isa = PBXFileReference; lastKnownFileType = sourcecode.swift; path = GFAlertContainerView.swift; sourceTree = "<group>"; };
		54352880286AE0F50033D7D2 /* Follower.swift */ = {isa = PBXFileReference; lastKnownFileType = sourcecode.swift; path = Follower.swift; sourceTree = "<group>"; };
		54352882286AE1C50033D7D2 /* User.swift */ = {isa = PBXFileReference; lastKnownFileType = sourcecode.swift; path = User.swift; sourceTree = "<group>"; };
		544AD10E286AB75300FC9324 /* FollowerListVC.swift */ = {isa = PBXFileReference; lastKnownFileType = sourcecode.swift; path = FollowerListVC.swift; sourceTree = "<group>"; };
		54A5ADE3286A910700BDFEF0 /* GHFollowers.app */ = {isa = PBXFileReference; explicitFileType = wrapper.application; includeInIndex = 0; path = GHFollowers.app; sourceTree = BUILT_PRODUCTS_DIR; };
		54A5ADE6286A910700BDFEF0 /* AppDelegate.swift */ = {isa = PBXFileReference; lastKnownFileType = sourcecode.swift; path = AppDelegate.swift; sourceTree = "<group>"; };
		54A5ADE8286A910700BDFEF0 /* SceneDelegate.swift */ = {isa = PBXFileReference; lastKnownFileType = sourcecode.swift; path = SceneDelegate.swift; sourceTree = "<group>"; };
		54A5ADEF286A910900BDFEF0 /* Assets.xcassets */ = {isa = PBXFileReference; lastKnownFileType = folder.assetcatalog; path = Assets.xcassets; sourceTree = "<group>"; };
		54A5ADF2286A910900BDFEF0 /* Base */ = {isa = PBXFileReference; lastKnownFileType = file.storyboard; name = Base; path = Base.lproj/LaunchScreen.storyboard; sourceTree = "<group>"; };
		54A5ADF4286A910900BDFEF0 /* Info.plist */ = {isa = PBXFileReference; lastKnownFileType = text.plist.xml; path = Info.plist; sourceTree = "<group>"; };
		54B0F272286D76220043A989 /* FollowerCell.swift */ = {isa = PBXFileReference; lastKnownFileType = sourcecode.swift; path = FollowerCell.swift; sourceTree = "<group>"; };
		54B0F274286D76900043A989 /* GFAvatarImageView.swift */ = {isa = PBXFileReference; lastKnownFileType = sourcecode.swift; path = GFAvatarImageView.swift; sourceTree = "<group>"; };
		54B65DBF286C6F1D004A110A /* NetworkManager.swift */ = {isa = PBXFileReference; lastKnownFileType = sourcecode.swift; path = NetworkManager.swift; sourceTree = "<group>"; };
		54B65DC2286C8F50004A110A /* GFError.swift */ = {isa = PBXFileReference; lastKnownFileType = sourcecode.swift; path = GFError.swift; sourceTree = "<group>"; };
		54FB67A3286A9BA600BE712E /* SearchVC.swift */ = {isa = PBXFileReference; lastKnownFileType = sourcecode.swift; path = SearchVC.swift; sourceTree = "<group>"; };
		54FB67A6286A9BF000BE712E /* FavoritesListVC.swift */ = {isa = PBXFileReference; lastKnownFileType = sourcecode.swift; path = FavoritesListVC.swift; sourceTree = "<group>"; };
		54FB67A8286AA28F00BE712E /* GFButton.swift */ = {isa = PBXFileReference; lastKnownFileType = sourcecode.swift; path = GFButton.swift; sourceTree = "<group>"; };
		54FB67AA286AA86F00BE712E /* GFTextField.swift */ = {isa = PBXFileReference; lastKnownFileType = sourcecode.swift; path = GFTextField.swift; sourceTree = "<group>"; };
/* End PBXFileReference section */

/* Begin PBXFrameworksBuildPhase section */
		54A5ADE0286A910700BDFEF0 /* Frameworks */ = {
			isa = PBXFrameworksBuildPhase;
			buildActionMask = 2147483647;
			files = (
			);
			runOnlyForDeploymentPostprocessing = 0;
		};
/* End PBXFrameworksBuildPhase section */

/* Begin PBXGroup section */
		5435287B286ACA440033D7D2 /* Extensions */ = {
			isa = PBXGroup;
			children = (
				54352871286ABE380033D7D2 /* String+Ext.swift */,
				54352879286AC88A0033D7D2 /* UIViewController+Ext.swift */,
			);
			path = Extensions;
			sourceTree = "<group>";
		};
		5435287E286ADB790033D7D2 /* Support */ = {
			isa = PBXGroup;
			children = (
				54A5ADE6286A910700BDFEF0 /* AppDelegate.swift */,
				54A5ADE8286A910700BDFEF0 /* SceneDelegate.swift */,
				54A5ADEF286A910900BDFEF0 /* Assets.xcassets */,
				54A5ADF1286A910900BDFEF0 /* LaunchScreen.storyboard */,
				54A5ADF4286A910900BDFEF0 /* Info.plist */,
			);
			path = Support;
			sourceTree = "<group>";
		};
		5435287F286AE0E70033D7D2 /* Models */ = {
			isa = PBXGroup;
			children = (
				54352880286AE0F50033D7D2 /* Follower.swift */,
				54352882286AE1C50033D7D2 /* User.swift */,
			);
			path = Models;
			sourceTree = "<group>";
		};
		54A5ADDA286A910700BDFEF0 = {
			isa = PBXGroup;
			children = (
				54A5ADE5286A910700BDFEF0 /* GHFollowers */,
				54A5ADE4286A910700BDFEF0 /* Products */,
			);
			sourceTree = "<group>";
		};
		54A5ADE4286A910700BDFEF0 /* Products */ = {
			isa = PBXGroup;
			children = (
				54A5ADE3286A910700BDFEF0 /* GHFollowers.app */,
			);
			name = Products;
			sourceTree = "<group>";
		};
		54A5ADE5286A910700BDFEF0 /* GHFollowers */ = {
			isa = PBXGroup;
			children = (
				54B65DC1286C8F39004A110A /* Utilities */,
				54B65DBE286C6F04004A110A /* Managers */,
				5435287F286AE0E70033D7D2 /* Models */,
				5435287E286ADB790033D7D2 /* Support */,
				5435287B286ACA440033D7D2 /* Extensions */,
				54FB67AC286AA8DE00BE712E /* Custom Views */,
				54FB67A5286A9BD300BE712E /* Controllers */,
			);
			path = GHFollowers;
			sourceTree = "<group>";
		};
		54B0F271286D75ED0043A989 /* Cells */ = {
			isa = PBXGroup;
			children = (
				54B0F272286D76220043A989 /* FollowerCell.swift */,
			);
			path = Cells;
			sourceTree = "<group>";
		};
		54B65DBE286C6F04004A110A /* Managers */ = {
			isa = PBXGroup;
			children = (
				54B65DBF286C6F1D004A110A /* NetworkManager.swift */,
			);
			path = Managers;
			sourceTree = "<group>";
		};
		54B65DC1286C8F39004A110A /* Utilities */ = {
			isa = PBXGroup;
			children = (
				54B65DC2286C8F50004A110A /* GFError.swift */,
			);
			path = Utilities;
			sourceTree = "<group>";
		};
		54FB67A5286A9BD300BE712E /* Controllers */ = {
			isa = PBXGroup;
			children = (
				54FB67A3286A9BA600BE712E /* SearchVC.swift */,
				54FB67A6286A9BF000BE712E /* FavoritesListVC.swift */,
				544AD10E286AB75300FC9324 /* FollowerListVC.swift */,
			);
			path = Controllers;
			sourceTree = "<group>";
		};
		54FB67AC286AA8DE00BE712E /* Custom Views */ = {
			isa = PBXGroup;
			children = (
				54B0F271286D75ED0043A989 /* Cells */,
				54FB67A8286AA28F00BE712E /* GFButton.swift */,
				54FB67AA286AA86F00BE712E /* GFTextField.swift */,
				54352873286ABF3B0033D7D2 /* GFTitleLabel.swift */,
				54352875286AC08B0033D7D2 /* GFBodyLabel.swift */,
				5435287C286ACB320033D7D2 /* GFAlertContainerView.swift */,
				54352877286AC1490033D7D2 /* GFAlertVC.swift */,
				54B0F274286D76900043A989 /* GFAvatarImageView.swift */,
			);
			path = "Custom Views";
			sourceTree = "<group>";
		};
/* End PBXGroup section */

/* Begin PBXNativeTarget section */
		54A5ADE2286A910700BDFEF0 /* GHFollowers */ = {
			isa = PBXNativeTarget;
			buildConfigurationList = 54A5ADF7286A910900BDFEF0 /* Build configuration list for PBXNativeTarget "GHFollowers" */;
			buildPhases = (
				54A5ADDF286A910700BDFEF0 /* Sources */,
				54A5ADE0286A910700BDFEF0 /* Frameworks */,
				54A5ADE1286A910700BDFEF0 /* Resources */,
			);
			buildRules = (
			);
			dependencies = (
			);
			name = GHFollowers;
			productName = GHFollowers;
			productReference = 54A5ADE3286A910700BDFEF0 /* GHFollowers.app */;
			productType = "com.apple.product-type.application";
		};
/* End PBXNativeTarget section */

/* Begin PBXProject section */
		54A5ADDB286A910700BDFEF0 /* Project object */ = {
			isa = PBXProject;
			attributes = {
				BuildIndependentTargetsInParallel = 1;
				LastSwiftUpdateCheck = 1340;
				LastUpgradeCheck = 1340;
				TargetAttributes = {
					54A5ADE2286A910700BDFEF0 = {
						CreatedOnToolsVersion = 13.4.1;
					};
				};
			};
			buildConfigurationList = 54A5ADDE286A910700BDFEF0 /* Build configuration list for PBXProject "GHFollowers" */;
			compatibilityVersion = "Xcode 13.0";
			developmentRegion = en;
			hasScannedForEncodings = 0;
			knownRegions = (
				en,
				Base,
			);
			mainGroup = 54A5ADDA286A910700BDFEF0;
			productRefGroup = 54A5ADE4286A910700BDFEF0 /* Products */;
			projectDirPath = "";
			projectRoot = "";
			targets = (
				54A5ADE2286A910700BDFEF0 /* GHFollowers */,
			);
		};
/* End PBXProject section */

/* Begin PBXResourcesBuildPhase section */
		54A5ADE1286A910700BDFEF0 /* Resources */ = {
			isa = PBXResourcesBuildPhase;
			buildActionMask = 2147483647;
			files = (
				54A5ADF3286A910900BDFEF0 /* LaunchScreen.storyboard in Resources */,
				54A5ADF0286A910900BDFEF0 /* Assets.xcassets in Resources */,
			);
			runOnlyForDeploymentPostprocessing = 0;
		};
/* End PBXResourcesBuildPhase section */

/* Begin PBXSourcesBuildPhase section */
		54A5ADDF286A910700BDFEF0 /* Sources */ = {
			isa = PBXSourcesBuildPhase;
			buildActionMask = 2147483647;
			files = (
				54FB67AB286AA86F00BE712E /* GFTextField.swift in Sources */,
				54B65DC3286C8F50004A110A /* GFError.swift in Sources */,
				54B0F275286D76900043A989 /* GFAvatarImageView.swift in Sources */,
				54352881286AE0F50033D7D2 /* Follower.swift in Sources */,
				54FB67A7286A9BF000BE712E /* FavoritesListVC.swift in Sources */,
				5435287A286AC88A0033D7D2 /* UIViewController+Ext.swift in Sources */,
				54B65DC0286C6F1D004A110A /* NetworkManager.swift in Sources */,
				54FB67A9286AA28F00BE712E /* GFButton.swift in Sources */,
				54FB67A4286A9BA600BE712E /* SearchVC.swift in Sources */,
				544AD10F286AB75300FC9324 /* FollowerListVC.swift in Sources */,
				5435287D286ACB320033D7D2 /* GFAlertContainerView.swift in Sources */,
				54352883286AE1C50033D7D2 /* User.swift in Sources */,
				54B0F273286D76220043A989 /* FollowerCell.swift in Sources */,
				54352878286AC1490033D7D2 /* GFAlertVC.swift in Sources */,
				54A5ADE7286A910700BDFEF0 /* AppDelegate.swift in Sources */,
				54352874286ABF3B0033D7D2 /* GFTitleLabel.swift in Sources */,
				54352872286ABE380033D7D2 /* String+Ext.swift in Sources */,
				54A5ADE9286A910700BDFEF0 /* SceneDelegate.swift in Sources */,
				54352876286AC08B0033D7D2 /* GFBodyLabel.swift in Sources */,
			);
			runOnlyForDeploymentPostprocessing = 0;
		};
/* End PBXSourcesBuildPhase section */

/* Begin PBXVariantGroup section */
		54A5ADF1286A910900BDFEF0 /* LaunchScreen.storyboard */ = {
			isa = PBXVariantGroup;
			children = (
				54A5ADF2286A910900BDFEF0 /* Base */,
			);
			name = LaunchScreen.storyboard;
			sourceTree = "<group>";
		};
/* End PBXVariantGroup section */

/* Begin XCBuildConfiguration section */
		54A5ADF5286A910900BDFEF0 /* Debug */ = {
			isa = XCBuildConfiguration;
			buildSettings = {
				ALWAYS_SEARCH_USER_PATHS = NO;
				CLANG_ANALYZER_NONNULL = YES;
				CLANG_ANALYZER_NUMBER_OBJECT_CONVERSION = YES_AGGRESSIVE;
				CLANG_CXX_LANGUAGE_STANDARD = "gnu++17";
				CLANG_ENABLE_MODULES = YES;
				CLANG_ENABLE_OBJC_ARC = YES;
				CLANG_ENABLE_OBJC_WEAK = YES;
				CLANG_WARN_BLOCK_CAPTURE_AUTORELEASING = YES;
				CLANG_WARN_BOOL_CONVERSION = YES;
				CLANG_WARN_COMMA = YES;
				CLANG_WARN_CONSTANT_CONVERSION = YES;
				CLANG_WARN_DEPRECATED_OBJC_IMPLEMENTATIONS = YES;
				CLANG_WARN_DIRECT_OBJC_ISA_USAGE = YES_ERROR;
				CLANG_WARN_DOCUMENTATION_COMMENTS = YES;
				CLANG_WARN_EMPTY_BODY = YES;
				CLANG_WARN_ENUM_CONVERSION = YES;
				CLANG_WARN_INFINITE_RECURSION = YES;
				CLANG_WARN_INT_CONVERSION = YES;
				CLANG_WARN_NON_LITERAL_NULL_CONVERSION = YES;
				CLANG_WARN_OBJC_IMPLICIT_RETAIN_SELF = YES;
				CLANG_WARN_OBJC_LITERAL_CONVERSION = YES;
				CLANG_WARN_OBJC_ROOT_CLASS = YES_ERROR;
				CLANG_WARN_QUOTED_INCLUDE_IN_FRAMEWORK_HEADER = YES;
				CLANG_WARN_RANGE_LOOP_ANALYSIS = YES;
				CLANG_WARN_STRICT_PROTOTYPES = YES;
				CLANG_WARN_SUSPICIOUS_MOVE = YES;
				CLANG_WARN_UNGUARDED_AVAILABILITY = YES_AGGRESSIVE;
				CLANG_WARN_UNREACHABLE_CODE = YES;
				CLANG_WARN__DUPLICATE_METHOD_MATCH = YES;
				COPY_PHASE_STRIP = NO;
				DEBUG_INFORMATION_FORMAT = dwarf;
				ENABLE_STRICT_OBJC_MSGSEND = YES;
				ENABLE_TESTABILITY = YES;
				GCC_C_LANGUAGE_STANDARD = gnu11;
				GCC_DYNAMIC_NO_PIC = NO;
				GCC_NO_COMMON_BLOCKS = YES;
				GCC_OPTIMIZATION_LEVEL = 0;
				GCC_PREPROCESSOR_DEFINITIONS = (
					"DEBUG=1",
					"$(inherited)",
				);
				GCC_WARN_64_TO_32_BIT_CONVERSION = YES;
				GCC_WARN_ABOUT_RETURN_TYPE = YES_ERROR;
				GCC_WARN_UNDECLARED_SELECTOR = YES;
				GCC_WARN_UNINITIALIZED_AUTOS = YES_AGGRESSIVE;
				GCC_WARN_UNUSED_FUNCTION = YES;
				GCC_WARN_UNUSED_VARIABLE = YES;
				IPHONEOS_DEPLOYMENT_TARGET = 15.5;
				MTL_ENABLE_DEBUG_INFO = INCLUDE_SOURCE;
				MTL_FAST_MATH = YES;
				ONLY_ACTIVE_ARCH = YES;
				SDKROOT = iphoneos;
				SWIFT_ACTIVE_COMPILATION_CONDITIONS = DEBUG;
				SWIFT_OPTIMIZATION_LEVEL = "-Onone";
			};
			name = Debug;
		};
		54A5ADF6286A910900BDFEF0 /* Release */ = {
			isa = XCBuildConfiguration;
			buildSettings = {
				ALWAYS_SEARCH_USER_PATHS = NO;
				CLANG_ANALYZER_NONNULL = YES;
				CLANG_ANALYZER_NUMBER_OBJECT_CONVERSION = YES_AGGRESSIVE;
				CLANG_CXX_LANGUAGE_STANDARD = "gnu++17";
				CLANG_ENABLE_MODULES = YES;
				CLANG_ENABLE_OBJC_ARC = YES;
				CLANG_ENABLE_OBJC_WEAK = YES;
				CLANG_WARN_BLOCK_CAPTURE_AUTORELEASING = YES;
				CLANG_WARN_BOOL_CONVERSION = YES;
				CLANG_WARN_COMMA = YES;
				CLANG_WARN_CONSTANT_CONVERSION = YES;
				CLANG_WARN_DEPRECATED_OBJC_IMPLEMENTATIONS = YES;
				CLANG_WARN_DIRECT_OBJC_ISA_USAGE = YES_ERROR;
				CLANG_WARN_DOCUMENTATION_COMMENTS = YES;
				CLANG_WARN_EMPTY_BODY = YES;
				CLANG_WARN_ENUM_CONVERSION = YES;
				CLANG_WARN_INFINITE_RECURSION = YES;
				CLANG_WARN_INT_CONVERSION = YES;
				CLANG_WARN_NON_LITERAL_NULL_CONVERSION = YES;
				CLANG_WARN_OBJC_IMPLICIT_RETAIN_SELF = YES;
				CLANG_WARN_OBJC_LITERAL_CONVERSION = YES;
				CLANG_WARN_OBJC_ROOT_CLASS = YES_ERROR;
				CLANG_WARN_QUOTED_INCLUDE_IN_FRAMEWORK_HEADER = YES;
				CLANG_WARN_RANGE_LOOP_ANALYSIS = YES;
				CLANG_WARN_STRICT_PROTOTYPES = YES;
				CLANG_WARN_SUSPICIOUS_MOVE = YES;
				CLANG_WARN_UNGUARDED_AVAILABILITY = YES_AGGRESSIVE;
				CLANG_WARN_UNREACHABLE_CODE = YES;
				CLANG_WARN__DUPLICATE_METHOD_MATCH = YES;
				COPY_PHASE_STRIP = NO;
				DEBUG_INFORMATION_FORMAT = "dwarf-with-dsym";
				ENABLE_NS_ASSERTIONS = NO;
				ENABLE_STRICT_OBJC_MSGSEND = YES;
				GCC_C_LANGUAGE_STANDARD = gnu11;
				GCC_NO_COMMON_BLOCKS = YES;
				GCC_WARN_64_TO_32_BIT_CONVERSION = YES;
				GCC_WARN_ABOUT_RETURN_TYPE = YES_ERROR;
				GCC_WARN_UNDECLARED_SELECTOR = YES;
				GCC_WARN_UNINITIALIZED_AUTOS = YES_AGGRESSIVE;
				GCC_WARN_UNUSED_FUNCTION = YES;
				GCC_WARN_UNUSED_VARIABLE = YES;
				IPHONEOS_DEPLOYMENT_TARGET = 15.5;
				MTL_ENABLE_DEBUG_INFO = NO;
				MTL_FAST_MATH = YES;
				SDKROOT = iphoneos;
				SWIFT_COMPILATION_MODE = wholemodule;
				SWIFT_OPTIMIZATION_LEVEL = "-O";
				VALIDATE_PRODUCT = YES;
			};
			name = Release;
		};
		54A5ADF8286A910900BDFEF0 /* Debug */ = {
			isa = XCBuildConfiguration;
			buildSettings = {
				ASSETCATALOG_COMPILER_APPICON_NAME = AppIcon;
				ASSETCATALOG_COMPILER_GLOBAL_ACCENT_COLOR_NAME = AccentColor;
				CODE_SIGN_STYLE = Automatic;
				CURRENT_PROJECT_VERSION = 1;
				DEVELOPMENT_TEAM = ALJM345NTC;
				GENERATE_INFOPLIST_FILE = YES;
				INFOPLIST_FILE = GHFollowers/Support/Info.plist;
				INFOPLIST_KEY_UIApplicationSupportsIndirectInputEvents = YES;
				INFOPLIST_KEY_UILaunchStoryboardName = LaunchScreen;
				INFOPLIST_KEY_UISupportedInterfaceOrientations_iPhone = UIInterfaceOrientationPortrait;
				LD_RUNPATH_SEARCH_PATHS = (
					"$(inherited)",
					"@executable_path/Frameworks",
				);
				MARKETING_VERSION = 1.0;
				PRODUCT_BUNDLE_IDENTIFIER = com.gabrielejuangco.GHFollowers;
				PRODUCT_NAME = "$(TARGET_NAME)";
				SWIFT_EMIT_LOC_STRINGS = YES;
				SWIFT_VERSION = 5.0;
				TARGETED_DEVICE_FAMILY = "1,2";
			};
			name = Debug;
		};
		54A5ADF9286A910900BDFEF0 /* Release */ = {
			isa = XCBuildConfiguration;
			buildSettings = {
				ASSETCATALOG_COMPILER_APPICON_NAME = AppIcon;
				ASSETCATALOG_COMPILER_GLOBAL_ACCENT_COLOR_NAME = AccentColor;
				CODE_SIGN_STYLE = Automatic;
				CURRENT_PROJECT_VERSION = 1;
				DEVELOPMENT_TEAM = ALJM345NTC;
				GENERATE_INFOPLIST_FILE = YES;
				INFOPLIST_FILE = GHFollowers/Support/Info.plist;
				INFOPLIST_KEY_UIApplicationSupportsIndirectInputEvents = YES;
				INFOPLIST_KEY_UILaunchStoryboardName = LaunchScreen;
				INFOPLIST_KEY_UISupportedInterfaceOrientations_iPhone = UIInterfaceOrientationPortrait;
				LD_RUNPATH_SEARCH_PATHS = (
					"$(inherited)",
					"@executable_path/Frameworks",
				);
				MARKETING_VERSION = 1.0;
				PRODUCT_BUNDLE_IDENTIFIER = com.gabrielejuangco.GHFollowers;
				PRODUCT_NAME = "$(TARGET_NAME)";
				SWIFT_EMIT_LOC_STRINGS = YES;
				SWIFT_VERSION = 5.0;
				TARGETED_DEVICE_FAMILY = "1,2";
			};
			name = Release;
		};
/* End XCBuildConfiguration section */

/* Begin XCConfigurationList section */
		54A5ADDE286A910700BDFEF0 /* Build configuration list for PBXProject "GHFollowers" */ = {
			isa = XCConfigurationList;
			buildConfigurations = (
				54A5ADF5286A910900BDFEF0 /* Debug */,
				54A5ADF6286A910900BDFEF0 /* Release */,
			);
			defaultConfigurationIsVisible = 0;
			defaultConfigurationName = Release;
		};
		54A5ADF7286A910900BDFEF0 /* Build configuration list for PBXNativeTarget "GHFollowers" */ = {
			isa = XCConfigurationList;
			buildConfigurations = (
				54A5ADF8286A910900BDFEF0 /* Debug */,
				54A5ADF9286A910900BDFEF0 /* Release */,
			);
			defaultConfigurationIsVisible = 0;
			defaultConfigurationName = Release;
		};
/* End XCConfigurationList section */
	};
	rootObject = 54A5ADDB286A910700BDFEF0 /* Project object */;
}
